
Microsoft Visual Studio Solution File, Format Version 12.00
# Visual Studio Version 17
VisualStudioVersion = 17.9.34902.65
MinimumVisualStudioVersion = 10.0.40219.1
Project("{9A19103F-16F7-4668-BE54-9A1E7A4F7556}") = "Orbit", "Orbit\Orbit.csproj", "{741F574A-B9DC-436E-AE90-B0B2A8737877}"
EndProject
Project("{9A19103F-16F7-4668-BE54-9A1E7A4F7556}") = "Orbit.Domain", "Orbit.Domain\Orbit.Domain.csproj", "{809969C7-7ED0-44D4-A94D-8ED871BD8B86}"
EndProject
Project("{9A19103F-16F7-4668-BE54-9A1E7A4F7556}") = "Orbit.Infrastructure", "Orbit.Infrastructure\Orbit.Infrastructure.csproj", "{E449B688-BFB9-4F43-9AF5-C7C1A02D33C4}"
EndProject
Project("{9A19103F-16F7-4668-BE54-9A1E7A4F7556}") = "Orbit.Application", "Orbit.Application\Orbit.Application.csproj", "{EAA1D34F-CA32-41F4-9830-DED71E34E7A4}"
EndProject
Global
	GlobalSection(SolutionConfigurationPlatforms) = preSolution
		Debug|Any CPU = Debug|Any CPU
		Release|Any CPU = Release|Any CPU
	EndGlobalSection
	GlobalSection(ProjectConfigurationPlatforms) = postSolution
		{741F574A-B9DC-436E-AE90-B0B2A8737877}.Debug|Any CPU.ActiveCfg = Debug|Any CPU
		{741F574A-B9DC-436E-AE90-B0B2A8737877}.Debug|Any CPU.Build.0 = Debug|Any CPU
		{741F574A-B9DC-436E-AE90-B0B2A8737877}.Release|Any CPU.ActiveCfg = Release|Any CPU
		{741F574A-B9DC-436E-AE90-B0B2A8737877}.Release|Any CPU.Build.0 = Release|Any CPU
		{809969C7-7ED0-44D4-A94D-8ED871BD8B86}.Debug|Any CPU.ActiveCfg = Debug|Any CPU
		{809969C7-7ED0-44D4-A94D-8ED871BD8B86}.Debug|Any CPU.Build.0 = Debug|Any CPU
		{809969C7-7ED0-44D4-A94D-8ED871BD8B86}.Release|Any CPU.ActiveCfg = Release|Any CPU
		{809969C7-7ED0-44D4-A94D-8ED871BD8B86}.Release|Any CPU.Build.0 = Release|Any CPU
		{E449B688-BFB9-4F43-9AF5-C7C1A02D33C4}.Debug|Any CPU.ActiveCfg = Debug|Any CPU
		{E449B688-BFB9-4F43-9AF5-C7C1A02D33C4}.Debug|Any CPU.Build.0 = Debug|Any CPU
		{E449B688-BFB9-4F43-9AF5-C7C1A02D33C4}.Release|Any CPU.ActiveCfg = Release|Any CPU
		{E449B688-BFB9-4F43-9AF5-C7C1A02D33C4}.Release|Any CPU.Build.0 = Release|Any CPU
		{EAA1D34F-CA32-41F4-9830-DED71E34E7A4}.Debug|Any CPU.ActiveCfg = Debug|Any CPU
		{EAA1D34F-CA32-41F4-9830-DED71E34E7A4}.Debug|Any CPU.Build.0 = Debug|Any CPU
		{EAA1D34F-CA32-41F4-9830-DED71E34E7A4}.Release|Any CPU.ActiveCfg = Release|Any CPU
		{EAA1D34F-CA32-41F4-9830-DED71E34E7A4}.Release|Any CPU.Build.0 = Release|Any CPU
	EndGlobalSection
	GlobalSection(SolutionProperties) = preSolution
		HideSolutionNode = FALSE
	EndGlobalSection
	GlobalSection(ExtensibilityGlobals) = postSolution
		SolutionGuid = {05CF14DB-341A-4EE5-B8FD-1A4758758FA9}
	EndGlobalSection
EndGlobal
